
Microsoft Visual Studio Solution File, Format Version 12.00
# Visual Studio 14
VisualStudioVersion = 14.0.23107.0
MinimumVisualStudioVersion = 10.0.40219.1
Project("{FAE04EC0-301F-11D3-BF4B-00C04F79EFBC}") = "SoundAnalyzer", "SoundAnalyzer\SoundAnalyzer.csproj", "{4D3151BD-90E7-43F9-A772-4169F9A5766E}"
EndProject
Project("{FAE04EC0-301F-11D3-BF4B-00C04F79EFBC}") = "WpfTest", "WpfTest\WpfTest.csproj", "{3003570F-6CE1-49DF-BAD1-AC7408AF1966}"
EndProject
Global
	GlobalSection(SolutionConfigurationPlatforms) = preSolution
		Debug|Any CPU = Debug|Any CPU
		Release|Any CPU = Release|Any CPU
	EndGlobalSection
	GlobalSection(ProjectConfigurationPlatforms) = postSolution
		{4D3151BD-90E7-43F9-A772-4169F9A5766E}.Debug|Any CPU.ActiveCfg = Debug|Any CPU
		{4D3151BD-90E7-43F9-A772-4169F9A5766E}.Debug|Any CPU.Build.0 = Debug|Any CPU
		{4D3151BD-90E7-43F9-A772-4169F9A5766E}.Release|Any CPU.ActiveCfg = Release|Any CPU
		{4D3151BD-90E7-43F9-A772-4169F9A5766E}.Release|Any CPU.Build.0 = Release|Any CPU
		{3003570F-6CE1-49DF-BAD1-AC7408AF1966}.Debug|Any CPU.ActiveCfg = Debug|Any CPU
		{3003570F-6CE1-49DF-BAD1-AC7408AF1966}.Debug|Any CPU.Build.0 = Debug|Any CPU
		{3003570F-6CE1-49DF-BAD1-AC7408AF1966}.Release|Any CPU.ActiveCfg = Release|Any CPU
		{3003570F-6CE1-49DF-BAD1-AC7408AF1966}.Release|Any CPU.Build.0 = Release|Any CPU
	EndGlobalSection
	GlobalSection(SolutionProperties) = preSolution
		HideSolutionNode = FALSE
	EndGlobalSection
EndGlobal
